
Microsoft Visual Studio Solution File, Format Version 12.00
# Visual Studio Version 16
VisualStudioVersion = 16.0.31911.196
MinimumVisualStudioVersion = 10.0.40219.1
Project("{FAE04EC0-301F-11D3-BF4B-00C04F79EFBC}") = "Section3WeeksProject", "Section3WeeksProject\Section3WeeksProject.csproj", "{F4A70EDC-CA99-4A11-ADB2-4EAF79E8598F}"
EndProject
Global
	GlobalSection(SolutionConfigurationPlatforms) = preSolution
		Debug|Any CPU = Debug|Any CPU
		Release|Any CPU = Release|Any CPU
	EndGlobalSection
	GlobalSection(ProjectConfigurationPlatforms) = postSolution
		{F4A70EDC-CA99-4A11-ADB2-4EAF79E8598F}.Debug|Any CPU.ActiveCfg = Debug|Any CPU
		{F4A70EDC-CA99-4A11-ADB2-4EAF79E8598F}.Debug|Any CPU.Build.0 = Debug|Any CPU
		{F4A70EDC-CA99-4A11-ADB2-4EAF79E8598F}.Release|Any CPU.ActiveCfg = Release|Any CPU
		{F4A70EDC-CA99-4A11-ADB2-4EAF79E8598F}.Release|Any CPU.Build.0 = Release|Any CPU
	EndGlobalSection
	GlobalSection(SolutionProperties) = preSolution
		HideSolutionNode = FALSE
	EndGlobalSection
	GlobalSection(ExtensibilityGlobals) = postSolution
		SolutionGuid = {749B55D7-BFD6-4987-A30E-C7151839C139}
	EndGlobalSection
EndGlobal
